
Microsoft Visual Studio Solution File, Format Version 12.00
# Visual Studio 15
VisualStudioVersion = 15.0.27004.2006
MinimumVisualStudioVersion = 10.0.40219.1
Project("{FAE04EC0-301F-11D3-BF4B-00C04F79EFBC}") = "ChatBotNRL.Android", "ChatBotNRL\ChatBotNRL.Android\ChatBotNRL.Android.csproj", "{1BD499F4-EF84-40DB-9C63-46EC7B68C9D1}"
EndProject
Project("{FAE04EC0-301F-11D3-BF4B-00C04F79EFBC}") = "ChatBotNRL", "ChatBotNRL\ChatBotNRL\ChatBotNRL.csproj", "{48CD6A1C-1E2D-4C3C-BAD3-01FE4C594721}"
EndProject
Project("{FAE04EC0-301F-11D3-BF4B-00C04F79EFBC}") = "ChatBotNRL.UWP", "ChatBotNRL\ChatBotNRL.UWP\ChatBotNRL.UWP.csproj", "{91DF0C8E-9184-4BF9-ACC6-E2605DF8D096}"
EndProject
Project("{FAE04EC0-301F-11D3-BF4B-00C04F79EFBC}") = "ChatBotNRL.iOS", "ChatBotNRL\ChatBotNRL.iOS\ChatBotNRL.iOS.csproj", "{93C84117-BDC5-4D38-92AC-1EAA5F82004F}"
EndProject
Global
	GlobalSection(SolutionConfigurationPlatforms) = preSolution
		Ad-Hoc|Any CPU = Ad-Hoc|Any CPU
		Ad-Hoc|ARM = Ad-Hoc|ARM
		Ad-Hoc|iPhone = Ad-Hoc|iPhone
		Ad-Hoc|iPhoneSimulator = Ad-Hoc|iPhoneSimulator
		Ad-Hoc|x64 = Ad-Hoc|x64
		Ad-Hoc|x86 = Ad-Hoc|x86
		AppStore|Any CPU = AppStore|Any CPU
		AppStore|ARM = AppStore|ARM
		AppStore|iPhone = AppStore|iPhone
		AppStore|iPhoneSimulator = AppStore|iPhoneSimulator
		AppStore|x64 = AppStore|x64
		AppStore|x86 = AppStore|x86
		Debug|Any CPU = Debug|Any CPU
		Debug|ARM = Debug|ARM
		Debug|iPhone = Debug|iPhone
		Debug|iPhoneSimulator = Debug|iPhoneSimulator
		Debug|x64 = Debug|x64
		Debug|x86 = Debug|x86
		Release|Any CPU = Release|Any CPU
		Release|ARM = Release|ARM
		Release|iPhone = Release|iPhone
		Release|iPhoneSimulator = Release|iPhoneSimulator
		Release|x64 = Release|x64
		Release|x86 = Release|x86
	EndGlobalSection
	GlobalSection(ProjectConfigurationPlatforms) = postSolution
		{1BD499F4-EF84-40DB-9C63-46EC7B68C9D1}.Ad-Hoc|Any CPU.ActiveCfg = Release|Any CPU
		{1BD499F4-EF84-40DB-9C63-46EC7B68C9D1}.Ad-Hoc|Any CPU.Build.0 = Release|Any CPU
		{1BD499F4-EF84-40DB-9C63-46EC7B68C9D1}.Ad-Hoc|Any CPU.Deploy.0 = Release|Any CPU
		{1BD499F4-EF84-40DB-9C63-46EC7B68C9D1}.Ad-Hoc|ARM.ActiveCfg = Release|Any CPU
		{1BD499F4-EF84-40DB-9C63-46EC7B68C9D1}.Ad-Hoc|ARM.Build.0 = Release|Any CPU
		{1BD499F4-EF84-40DB-9C63-46EC7B68C9D1}.Ad-Hoc|ARM.Deploy.0 = Release|Any CPU
		{1BD499F4-EF84-40DB-9C63-46EC7B68C9D1}.Ad-Hoc|iPhone.ActiveCfg = Release|Any CPU
		{1BD499F4-EF84-40DB-9C63-46EC7B68C9D1}.Ad-Hoc|iPhone.Build.0 = Release|Any CPU
		{1BD499F4-EF84-40DB-9C63-46EC7B68C9D1}.Ad-Hoc|iPhone.Deploy.0 = Release|Any CPU
		{1BD499F4-EF84-40DB-9C63-46EC7B68C9D1}.Ad-Hoc|iPhoneSimulator.ActiveCfg = Release|Any CPU
		{1BD499F4-EF84-40DB-9C63-46EC7B68C9D1}.Ad-Hoc|iPhoneSimulator.Build.0 = Release|Any CPU
		{1BD499F4-EF84-40DB-9C63-46EC7B68C9D1}.Ad-Hoc|iPhoneSimulator.Deploy.0 = Release|Any CPU
		{1BD499F4-EF84-40DB-9C63-46EC7B68C9D1}.Ad-Hoc|x64.ActiveCfg = Release|Any CPU
		{1BD499F4-EF84-40DB-9C63-46EC7B68C9D1}.Ad-Hoc|x64.Build.0 = Release|Any CPU
		{1BD499F4-EF84-40DB-9C63-46EC7B68C9D1}.Ad-Hoc|x64.Deploy.0 = Release|Any CPU
		{1BD499F4-EF84-40DB-9C63-46EC7B68C9D1}.Ad-Hoc|x86.ActiveCfg = Release|Any CPU
		{1BD499F4-EF84-40DB-9C63-46EC7B68C9D1}.Ad-Hoc|x86.Build.0 = Release|Any CPU
		{1BD499F4-EF84-40DB-9C63-46EC7B68C9D1}.Ad-Hoc|x86.Deploy.0 = Release|Any CPU
		{1BD499F4-EF84-40DB-9C63-46EC7B68C9D1}.AppStore|Any CPU.ActiveCfg = Release|Any CPU
		{1BD499F4-EF84-40DB-9C63-46EC7B68C9D1}.AppStore|Any CPU.Build.0 = Release|Any CPU
		{1BD499F4-EF84-40DB-9C63-46EC7B68C9D1}.AppStore|Any CPU.Deploy.0 = Release|Any CPU
		{1BD499F4-EF84-40DB-9C63-46EC7B68C9D1}.AppStore|ARM.ActiveCfg = Release|Any CPU
		{1BD499F4-EF84-40DB-9C63-46EC7B68C9D1}.AppStore|ARM.Build.0 = Release|Any CPU
		{1BD499F4-EF84-40DB-9C63-46EC7B68C9D1}.AppStore|ARM.Deploy.0 = Release|Any CPU
		{1BD499F4-EF84-40DB-9C63-46EC7B68C9D1}.AppStore|iPhone.ActiveCfg = Release|Any CPU
		{1BD499F4-EF84-40DB-9C63-46EC7B68C9D1}.AppStore|iPhone.Build.0 = Release|Any CPU
		{1BD499F4-EF84-40DB-9C63-46EC7B68C9D1}.AppStore|iPhone.Deploy.0 = Release|Any CPU
		{1BD499F4-EF84-40DB-9C63-46EC7B68C9D1}.AppStore|iPhoneSimulator.ActiveCfg = Release|Any CPU
		{1BD499F4-EF84-40DB-9C63-46EC7B68C9D1}.AppStore|iPhoneSimulator.Build.0 = Release|Any CPU
		{1BD499F4-EF84-40DB-9C63-46EC7B68C9D1}.AppStore|iPhoneSimulator.Deploy.0 = Release|Any CPU
		{1BD499F4-EF84-40DB-9C63-46EC7B68C9D1}.AppStore|x64.ActiveCfg = Release|Any CPU
		{1BD499F4-EF84-40DB-9C63-46EC7B68C9D1}.AppStore|x64.Build.0 = Release|Any CPU
		{1BD499F4-EF84-40DB-9C63-46EC7B68C9D1}.AppStore|x64.Deploy.0 = Release|Any CPU
		{1BD499F4-EF84-40DB-9C63-46EC7B68C9D1}.AppStore|x86.ActiveCfg = Release|Any CPU
		{1BD499F4-EF84-40DB-9C63-46EC7B68C9D1}.AppStore|x86.Build.0 = Release|Any CPU
		{1BD499F4-EF84-40DB-9C63-46EC7B68C9D1}.AppStore|x86.Deploy.0 = Release|Any CPU
		{1BD499F4-EF84-40DB-9C63-46EC7B68C9D1}.Debug|Any CPU.ActiveCfg = Debug|Any CPU
		{1BD499F4-EF84-40DB-9C63-46EC7B68C9D1}.Debug|Any CPU.Build.0 = Debug|Any CPU
		{1BD499F4-EF84-40DB-9C63-46EC7B68C9D1}.Debug|Any CPU.Deploy.0 = Debug|Any CPU
		{1BD499F4-EF84-40DB-9C63-46EC7B68C9D1}.Debug|ARM.ActiveCfg = Debug|Any CPU
		{1BD499F4-EF84-40DB-9C63-46EC7B68C9D1}.Debug|ARM.Build.0 = Debug|Any CPU
		{1BD499F4-EF84-40DB-9C63-46EC7B68C9D1}.Debug|ARM.Deploy.0 = Debug|Any CPU
		{1BD499F4-EF84-40DB-9C63-46EC7B68C9D1}.Debug|iPhone.ActiveCfg = Debug|Any CPU
		{1BD499F4-EF84-40DB-9C63-46EC7B68C9D1}.Debug|iPhone.Build.0 = Debug|Any CPU
		{1BD499F4-EF84-40DB-9C63-46EC7B68C9D1}.Debug|iPhone.Deploy.0 = Debug|Any CPU
		{1BD499F4-EF84-40DB-9C63-46EC7B68C9D1}.Debug|iPhoneSimulator.ActiveCfg = Debug|Any CPU
		{1BD499F4-EF84-40DB-9C63-46EC7B68C9D1}.Debug|iPhoneSimulator.Build.0 = Debug|Any CPU
		{1BD499F4-EF84-40DB-9C63-46EC7B68C9D1}.Debug|iPhoneSimulator.Deploy.0 = Debug|Any CPU
		{1BD499F4-EF84-40DB-9C63-46EC7B68C9D1}.Debug|x64.ActiveCfg = Debug|Any CPU
		{1BD499F4-EF84-40DB-9C63-46EC7B68C9D1}.Debug|x64.Build.0 = Debug|Any CPU
		{1BD499F4-EF84-40DB-9C63-46EC7B68C9D1}.Debug|x64.Deploy.0 = Debug|Any CPU
		{1BD499F4-EF84-40DB-9C63-46EC7B68C9D1}.Debug|x86.ActiveCfg = Debug|Any CPU
		{1BD499F4-EF84-40DB-9C63-46EC7B68C9D1}.Debug|x86.Build.0 = Debug|Any CPU
		{1BD499F4-EF84-40DB-9C63-46EC7B68C9D1}.Debug|x86.Deploy.0 = Debug|Any CPU
		{1BD499F4-EF84-40DB-9C63-46EC7B68C9D1}.Release|Any CPU.ActiveCfg = Release|Any CPU
		{1BD499F4-EF84-40DB-9C63-46EC7B68C9D1}.Release|Any CPU.Build.0 = Release|Any CPU
		{1BD499F4-EF84-40DB-9C63-46EC7B68C9D1}.Release|Any CPU.Deploy.0 = Release|Any CPU
		{1BD499F4-EF84-40DB-9C63-46EC7B68C9D1}.Release|ARM.ActiveCfg = Release|Any CPU
		{1BD499F4-EF84-40DB-9C63-46EC7B68C9D1}.Release|ARM.Build.0 = Release|Any CPU
		{1BD499F4-EF84-40DB-9C63-46EC7B68C9D1}.Release|ARM.Deploy.0 = Release|Any CPU
		{1BD499F4-EF84-40DB-9C63-46EC7B68C9D1}.Release|iPhone.ActiveCfg = Release|Any CPU
		{1BD499F4-EF84-40DB-9C63-46EC7B68C9D1}.Release|iPhone.Build.0 = Release|Any CPU
		{1BD499F4-EF84-40DB-9C63-46EC7B68C9D1}.Release|iPhone.Deploy.0 = Release|Any CPU
		{1BD499F4-EF84-40DB-9C63-46EC7B68C9D1}.Release|iPhoneSimulator.ActiveCfg = Release|Any CPU
		{1BD499F4-EF84-40DB-9C63-46EC7B68C9D1}.Release|iPhoneSimulator.Build.0 = Release|Any CPU
		{1BD499F4-EF84-40DB-9C63-46EC7B68C9D1}.Release|iPhoneSimulator.Deploy.0 = Release|Any CPU
		{1BD499F4-EF84-40DB-9C63-46EC7B68C9D1}.Release|x64.ActiveCfg = Release|Any CPU
		{1BD499F4-EF84-40DB-9C63-46EC7B68C9D1}.Release|x64.Build.0 = Release|Any CPU
		{1BD499F4-EF84-40DB-9C63-46EC7B68C9D1}.Release|x64.Deploy.0 = Release|Any CPU
		{1BD499F4-EF84-40DB-9C63-46EC7B68C9D1}.Release|x86.ActiveCfg = Release|Any CPU
		{1BD499F4-EF84-40DB-9C63-46EC7B68C9D1}.Release|x86.Build.0 = Release|Any CPU
		{1BD499F4-EF84-40DB-9C63-46EC7B68C9D1}.Release|x86.Deploy.0 = Release|Any CPU
		{48CD6A1C-1E2D-4C3C-BAD3-01FE4C594721}.Ad-Hoc|Any CPU.ActiveCfg = Release|Any CPU
		{48CD6A1C-1E2D-4C3C-BAD3-01FE4C594721}.Ad-Hoc|Any CPU.Build.0 = Release|Any CPU
		{48CD6A1C-1E2D-4C3C-BAD3-01FE4C594721}.Ad-Hoc|ARM.ActiveCfg = Release|Any CPU
		{48CD6A1C-1E2D-4C3C-BAD3-01FE4C594721}.Ad-Hoc|ARM.Build.0 = Release|Any CPU
		{48CD6A1C-1E2D-4C3C-BAD3-01FE4C594721}.Ad-Hoc|iPhone.ActiveCfg = Release|Any CPU
		{48CD6A1C-1E2D-4C3C-BAD3-01FE4C594721}.Ad-Hoc|iPhone.Build.0 = Release|Any CPU
		{48CD6A1C-1E2D-4C3C-BAD3-01FE4C594721}.Ad-Hoc|iPhoneSimulator.ActiveCfg = Release|Any CPU
		{48CD6A1C-1E2D-4C3C-BAD3-01FE4C594721}.Ad-Hoc|iPhoneSimulator.Build.0 = Release|Any CPU
		{48CD6A1C-1E2D-4C3C-BAD3-01FE4C594721}.Ad-Hoc|x64.ActiveCfg = Release|Any CPU
		{48CD6A1C-1E2D-4C3C-BAD3-01FE4C594721}.Ad-Hoc|x64.Build.0 = Release|Any CPU
		{48CD6A1C-1E2D-4C3C-BAD3-01FE4C594721}.Ad-Hoc|x86.ActiveCfg = Release|Any CPU
		{48CD6A1C-1E2D-4C3C-BAD3-01FE4C594721}.Ad-Hoc|x86.Build.0 = Release|Any CPU
		{48CD6A1C-1E2D-4C3C-BAD3-01FE4C594721}.AppStore|Any CPU.ActiveCfg = Release|Any CPU
		{48CD6A1C-1E2D-4C3C-BAD3-01FE4C594721}.AppStore|Any CPU.Build.0 = Release|Any CPU
		{48CD6A1C-1E2D-4C3C-BAD3-01FE4C594721}.AppStore|ARM.ActiveCfg = Release|Any CPU
		{48CD6A1C-1E2D-4C3C-BAD3-01FE4C594721}.AppStore|ARM.Build.0 = Release|Any CPU
		{48CD6A1C-1E2D-4C3C-BAD3-01FE4C594721}.AppStore|iPhone.ActiveCfg = Release|Any CPU
		{48CD6A1C-1E2D-4C3C-BAD3-01FE4C594721}.AppStore|iPhone.Build.0 = Release|Any CPU
		{48CD6A1C-1E2D-4C3C-BAD3-01FE4C594721}.AppStore|iPhoneSimulator.ActiveCfg = Release|Any CPU
		{48CD6A1C-1E2D-4C3C-BAD3-01FE4C594721}.AppStore|iPhoneSimulator.Build.0 = Release|Any CPU
		{48CD6A1C-1E2D-4C3C-BAD3-01FE4C594721}.AppStore|x64.ActiveCfg = Release|Any CPU
		{48CD6A1C-1E2D-4C3C-BAD3-01FE4C594721}.AppStore|x64.Build.0 = Release|Any CPU
		{48CD6A1C-1E2D-4C3C-BAD3-01FE4C594721}.AppStore|x86.ActiveCfg = Release|Any CPU
		{48CD6A1C-1E2D-4C3C-BAD3-01FE4C594721}.AppStore|x86.Build.0 = Release|Any CPU
		{48CD6A1C-1E2D-4C3C-BAD3-01FE4C594721}.Debug|Any CPU.ActiveCfg = Debug|Any CPU
		{48CD6A1C-1E2D-4C3C-BAD3-01FE4C594721}.Debug|Any CPU.Build.0 = Debug|Any CPU
		{48CD6A1C-1E2D-4C3C-BAD3-01FE4C594721}.Debug|ARM.ActiveCfg = Debug|Any CPU
		{48CD6A1C-1E2D-4C3C-BAD3-01FE4C594721}.Debug|ARM.Build.0 = Debug|Any CPU
		{48CD6A1C-1E2D-4C3C-BAD3-01FE4C594721}.Debug|iPhone.ActiveCfg = Debug|Any CPU
		{48CD6A1C-1E2D-4C3C-BAD3-01FE4C594721}.Debug|iPhone.Build.0 = Debug|Any CPU
		{48CD6A1C-1E2D-4C3C-BAD3-01FE4C594721}.Debug|iPhoneSimulator.ActiveCfg = Debug|Any CPU
		{48CD6A1C-1E2D-4C3C-BAD3-01FE4C594721}.Debug|iPhoneSimulator.Build.0 = Debug|Any CPU
		{48CD6A1C-1E2D-4C3C-BAD3-01FE4C594721}.Debug|x64.ActiveCfg = Debug|Any CPU
		{48CD6A1C-1E2D-4C3C-BAD3-01FE4C594721}.Debug|x64.Build.0 = Debug|Any CPU
		{48CD6A1C-1E2D-4C3C-BAD3-01FE4C594721}.Debug|x86.ActiveCfg = Debug|Any CPU
		{48CD6A1C-1E2D-4C3C-BAD3-01FE4C594721}.Debug|x86.Build.0 = Debug|Any CPU
		{48CD6A1C-1E2D-4C3C-BAD3-01FE4C594721}.Release|Any CPU.ActiveCfg = Release|Any CPU
		{48CD6A1C-1E2D-4C3C-BAD3-01FE4C594721}.Release|Any CPU.Build.0 = Release|Any CPU
		{48CD6A1C-1E2D-4C3C-BAD3-01FE4C594721}.Release|ARM.ActiveCfg = Release|Any CPU
		{48CD6A1C-1E2D-4C3C-BAD3-01FE4C594721}.Release|ARM.Build.0 = Release|Any CPU
		{48CD6A1C-1E2D-4C3C-BAD3-01FE4C594721}.Release|iPhone.ActiveCfg = Release|Any CPU
		{48CD6A1C-1E2D-4C3C-BAD3-01FE4C594721}.Release|iPhone.Build.0 = Release|Any CPU
		{48CD6A1C-1E2D-4C3C-BAD3-01FE4C594721}.Release|iPhoneSimulator.ActiveCfg = Release|Any CPU
		{48CD6A1C-1E2D-4C3C-BAD3-01FE4C594721}.Release|iPhoneSimulator.Build.0 = Release|Any CPU
		{48CD6A1C-1E2D-4C3C-BAD3-01FE4C594721}.Release|x64.ActiveCfg = Release|Any CPU
		{48CD6A1C-1E2D-4C3C-BAD3-01FE4C594721}.Release|x64.Build.0 = Release|Any CPU
		{48CD6A1C-1E2D-4C3C-BAD3-01FE4C594721}.Release|x86.ActiveCfg = Release|Any CPU
		{48CD6A1C-1E2D-4C3C-BAD3-01FE4C594721}.Release|x86.Build.0 = Release|Any CPU
		{91DF0C8E-9184-4BF9-ACC6-E2605DF8D096}.Ad-Hoc|Any CPU.ActiveCfg = Release|x86
		{91DF0C8E-9184-4BF9-ACC6-E2605DF8D096}.Ad-Hoc|Any CPU.Build.0 = Release|x86
		{91DF0C8E-9184-4BF9-ACC6-E2605DF8D096}.Ad-Hoc|Any CPU.Deploy.0 = Release|x86
		{91DF0C8E-9184-4BF9-ACC6-E2605DF8D096}.Ad-Hoc|ARM.ActiveCfg = Release|ARM
		{91DF0C8E-9184-4BF9-ACC6-E2605DF8D096}.Ad-Hoc|ARM.Build.0 = Release|ARM
		{91DF0C8E-9184-4BF9-ACC6-E2605DF8D096}.Ad-Hoc|ARM.Deploy.0 = Release|ARM
		{91DF0C8E-9184-4BF9-ACC6-E2605DF8D096}.Ad-Hoc|iPhone.ActiveCfg = Release|x86
		{91DF0C8E-9184-4BF9-ACC6-E2605DF8D096}.Ad-Hoc|iPhone.Build.0 = Release|x86
		{91DF0C8E-9184-4BF9-ACC6-E2605DF8D096}.Ad-Hoc|iPhone.Deploy.0 = Release|x86
		{91DF0C8E-9184-4BF9-ACC6-E2605DF8D096}.Ad-Hoc|iPhoneSimulator.ActiveCfg = Release|x86
		{91DF0C8E-9184-4BF9-ACC6-E2605DF8D096}.Ad-Hoc|iPhoneSimulator.Build.0 = Release|x86
		{91DF0C8E-9184-4BF9-ACC6-E2605DF8D096}.Ad-Hoc|iPhoneSimulator.Deploy.0 = Release|x86
		{91DF0C8E-9184-4BF9-ACC6-E2605DF8D096}.Ad-Hoc|x64.ActiveCfg = Release|x64
		{91DF0C8E-9184-4BF9-ACC6-E2605DF8D096}.Ad-Hoc|x64.Build.0 = Release|x64
		{91DF0C8E-9184-4BF9-ACC6-E2605DF8D096}.Ad-Hoc|x64.Deploy.0 = Release|x64
		{91DF0C8E-9184-4BF9-ACC6-E2605DF8D096}.Ad-Hoc|x86.ActiveCfg = Release|x86
		{91DF0C8E-9184-4BF9-ACC6-E2605DF8D096}.Ad-Hoc|x86.Build.0 = Release|x86
		{91DF0C8E-9184-4BF9-ACC6-E2605DF8D096}.Ad-Hoc|x86.Deploy.0 = Release|x86
		{91DF0C8E-9184-4BF9-ACC6-E2605DF8D096}.AppStore|Any CPU.ActiveCfg = Release|x86
		{91DF0C8E-9184-4BF9-ACC6-E2605DF8D096}.AppStore|Any CPU.Build.0 = Release|x86
		{91DF0C8E-9184-4BF9-ACC6-E2605DF8D096}.AppStore|Any CPU.Deploy.0 = Release|x86
		{91DF0C8E-9184-4BF9-ACC6-E2605DF8D096}.AppStore|ARM.ActiveCfg = Release|ARM
		{91DF0C8E-9184-4BF9-ACC6-E2605DF8D096}.AppStore|ARM.Build.0 = Release|ARM
		{91DF0C8E-9184-4BF9-ACC6-E2605DF8D096}.AppStore|ARM.Deploy.0 = Release|ARM
		{91DF0C8E-9184-4BF9-ACC6-E2605DF8D096}.AppStore|iPhone.ActiveCfg = Release|x86
		{91DF0C8E-9184-4BF9-ACC6-E2605DF8D096}.AppStore|iPhone.Build.0 = Release|x86
		{91DF0C8E-9184-4BF9-ACC6-E2605DF8D096}.AppStore|iPhone.Deploy.0 = Release|x86
		{91DF0C8E-9184-4BF9-ACC6-E2605DF8D096}.AppStore|iPhoneSimulator.ActiveCfg = Release|x86
		{91DF0C8E-9184-4BF9-ACC6-E2605DF8D096}.AppStore|iPhoneSimulator.Build.0 = Release|x86
		{91DF0C8E-9184-4BF9-ACC6-E2605DF8D096}.AppStore|iPhoneSimulator.Deploy.0 = Release|x86
		{91DF0C8E-9184-4BF9-ACC6-E2605DF8D096}.AppStore|x64.ActiveCfg = Release|x64
		{91DF0C8E-9184-4BF9-ACC6-E2605DF8D096}.AppStore|x64.Build.0 = Release|x64
		{91DF0C8E-9184-4BF9-ACC6-E2605DF8D096}.AppStore|x64.Deploy.0 = Release|x64
		{91DF0C8E-9184-4BF9-ACC6-E2605DF8D096}.AppStore|x86.ActiveCfg = Release|x86
		{91DF0C8E-9184-4BF9-ACC6-E2605DF8D096}.AppStore|x86.Build.0 = Release|x86
		{91DF0C8E-9184-4BF9-ACC6-E2605DF8D096}.AppStore|x86.Deploy.0 = Release|x86
		{91DF0C8E-9184-4BF9-ACC6-E2605DF8D096}.Debug|Any CPU.ActiveCfg = Debug|x86
		{91DF0C8E-9184-4BF9-ACC6-E2605DF8D096}.Debug|ARM.ActiveCfg = Debug|ARM
		{91DF0C8E-9184-4BF9-ACC6-E2605DF8D096}.Debug|ARM.Build.0 = Debug|ARM
		{91DF0C8E-9184-4BF9-ACC6-E2605DF8D096}.Debug|ARM.Deploy.0 = Debug|ARM
		{91DF0C8E-9184-4BF9-ACC6-E2605DF8D096}.Debug|iPhone.ActiveCfg = Debug|x86
		{91DF0C8E-9184-4BF9-ACC6-E2605DF8D096}.Debug|iPhoneSimulator.ActiveCfg = Debug|x86
		{91DF0C8E-9184-4BF9-ACC6-E2605DF8D096}.Debug|x64.ActiveCfg = Debug|x64
		{91DF0C8E-9184-4BF9-ACC6-E2605DF8D096}.Debug|x64.Build.0 = Debug|x64
		{91DF0C8E-9184-4BF9-ACC6-E2605DF8D096}.Debug|x64.Deploy.0 = Debug|x64
		{91DF0C8E-9184-4BF9-ACC6-E2605DF8D096}.Debug|x86.ActiveCfg = Debug|x86
		{91DF0C8E-9184-4BF9-ACC6-E2605DF8D096}.Debug|x86.Build.0 = Debug|x86
		{91DF0C8E-9184-4BF9-ACC6-E2605DF8D096}.Debug|x86.Deploy.0 = Debug|x86
		{91DF0C8E-9184-4BF9-ACC6-E2605DF8D096}.Release|Any CPU.ActiveCfg = Release|x86
		{91DF0C8E-9184-4BF9-ACC6-E2605DF8D096}.Release|ARM.ActiveCfg = Release|ARM
		{91DF0C8E-9184-4BF9-ACC6-E2605DF8D096}.Release|ARM.Build.0 = Release|ARM
		{91DF0C8E-9184-4BF9-ACC6-E2605DF8D096}.Release|ARM.Deploy.0 = Release|ARM
		{91DF0C8E-9184-4BF9-ACC6-E2605DF8D096}.Release|iPhone.ActiveCfg = Release|x86
		{91DF0C8E-9184-4BF9-ACC6-E2605DF8D096}.Release|iPhoneSimulator.ActiveCfg = Release|x86
		{91DF0C8E-9184-4BF9-ACC6-E2605DF8D096}.Release|x64.ActiveCfg = Release|x64
		{91DF0C8E-9184-4BF9-ACC6-E2605DF8D096}.Release|x64.Build.0 = Release|x64
		{91DF0C8E-9184-4BF9-ACC6-E2605DF8D096}.Release|x64.Deploy.0 = Release|x64
		{91DF0C8E-9184-4BF9-ACC6-E2605DF8D096}.Release|x86.ActiveCfg = Release|x86
		{91DF0C8E-9184-4BF9-ACC6-E2605DF8D096}.Release|x86.Build.0 = Release|x86
		{91DF0C8E-9184-4BF9-ACC6-E2605DF8D096}.Release|x86.Deploy.0 = Release|x86
		{93C84117-BDC5-4D38-92AC-1EAA5F82004F}.Ad-Hoc|Any CPU.ActiveCfg = Ad-Hoc|iPhoneSimulator
		{93C84117-BDC5-4D38-92AC-1EAA5F82004F}.Ad-Hoc|ARM.ActiveCfg = Ad-Hoc|iPhone
		{93C84117-BDC5-4D38-92AC-1EAA5F82004F}.Ad-Hoc|iPhone.ActiveCfg = Ad-Hoc|iPhone
		{93C84117-BDC5-4D38-92AC-1EAA5F82004F}.Ad-Hoc|iPhone.Build.0 = Ad-Hoc|iPhone
		{93C84117-BDC5-4D38-92AC-1EAA5F82004F}.Ad-Hoc|iPhoneSimulator.ActiveCfg = Ad-Hoc|iPhoneSimulator
		{93C84117-BDC5-4D38-92AC-1EAA5F82004F}.Ad-Hoc|iPhoneSimulator.Build.0 = Ad-Hoc|iPhoneSimulator
		{93C84117-BDC5-4D38-92AC-1EAA5F82004F}.Ad-Hoc|x64.ActiveCfg = Ad-Hoc|iPhone
		{93C84117-BDC5-4D38-92AC-1EAA5F82004F}.Ad-Hoc|x86.ActiveCfg = Ad-Hoc|iPhone
		{93C84117-BDC5-4D38-92AC-1EAA5F82004F}.AppStore|Any CPU.ActiveCfg = AppStore|iPhoneSimulator
		{93C84117-BDC5-4D38-92AC-1EAA5F82004F}.AppStore|ARM.ActiveCfg = AppStore|iPhone
		{93C84117-BDC5-4D38-92AC-1EAA5F82004F}.AppStore|iPhone.ActiveCfg = AppStore|iPhone
		{93C84117-BDC5-4D38-92AC-1EAA5F82004F}.AppStore|iPhone.Build.0 = AppStore|iPhone
		{93C84117-BDC5-4D38-92AC-1EAA5F82004F}.AppStore|iPhoneSimulator.ActiveCfg = AppStore|iPhoneSimulator
		{93C84117-BDC5-4D38-92AC-1EAA5F82004F}.AppStore|iPhoneSimulator.Build.0 = AppStore|iPhoneSimulator
		{93C84117-BDC5-4D38-92AC-1EAA5F82004F}.AppStore|x64.ActiveCfg = AppStore|iPhone
		{93C84117-BDC5-4D38-92AC-1EAA5F82004F}.AppStore|x86.ActiveCfg = AppStore|iPhone
		{93C84117-BDC5-4D38-92AC-1EAA5F82004F}.Debug|Any CPU.ActiveCfg = Debug|iPhoneSimulator
		{93C84117-BDC5-4D38-92AC-1EAA5F82004F}.Debug|ARM.ActiveCfg = Debug|iPhone
		{93C84117-BDC5-4D38-92AC-1EAA5F82004F}.Debug|iPhone.ActiveCfg = Debug|iPhone
		{93C84117-BDC5-4D38-92AC-1EAA5F82004F}.Debug|iPhone.Build.0 = Debug|iPhone
		{93C84117-BDC5-4D38-92AC-1EAA5F82004F}.Debug|iPhoneSimulator.ActiveCfg = Debug|iPhoneSimulator
		{93C84117-BDC5-4D38-92AC-1EAA5F82004F}.Debug|iPhoneSimulator.Build.0 = Debug|iPhoneSimulator
		{93C84117-BDC5-4D38-92AC-1EAA5F82004F}.Debug|x64.ActiveCfg = Debug|iPhone
		{93C84117-BDC5-4D38-92AC-1EAA5F82004F}.Debug|x86.ActiveCfg = Debug|iPhone
		{93C84117-BDC5-4D38-92AC-1EAA5F82004F}.Release|Any CPU.ActiveCfg = Release|iPhoneSimulator
		{93C84117-BDC5-4D38-92AC-1EAA5F82004F}.Release|ARM.ActiveCfg = Release|iPhone
		{93C84117-BDC5-4D38-92AC-1EAA5F82004F}.Release|iPhone.ActiveCfg = Release|iPhone
		{93C84117-BDC5-4D38-92AC-1EAA5F82004F}.Release|iPhone.Build.0 = Release|iPhone
		{93C84117-BDC5-4D38-92AC-1EAA5F82004F}.Release|iPhoneSimulator.ActiveCfg = Release|iPhoneSimulator
		{93C84117-BDC5-4D38-92AC-1EAA5F82004F}.Release|iPhoneSimulator.Build.0 = Release|iPhoneSimulator
		{93C84117-BDC5-4D38-92AC-1EAA5F82004F}.Release|x64.ActiveCfg = Release|iPhone
		{93C84117-BDC5-4D38-92AC-1EAA5F82004F}.Release|x86.ActiveCfg = Release|iPhone
	EndGlobalSection
	GlobalSection(SolutionProperties) = preSolution
		HideSolutionNode = FALSE
	EndGlobalSection
	GlobalSection(ExtensibilityGlobals) = postSolution
		SolutionGuid = {F7A55E9C-5481-4E6C-B8B8-5FC46B61990D}
	EndGlobalSection
EndGlobal
